// !$*UTF8*$!
{
	archiveVersion = 1;
	classes = {
	};
	objectVersion = 56;
	objects = {

/* Begin PBXBuildFile section */
		4D41E1982CDBD54100A04F1B /* WeSplitApp.swift in Sources */ = {isa = PBXBuildFile; fileRef = 4D41E1972CDBD54100A04F1B /* WeSplitApp.swift */; };
		4D41E19A2CDBD54100A04F1B /* ContentView.swift in Sources */ = {isa = PBXBuildFile; fileRef = 4D41E1992CDBD54100A04F1B /* ContentView.swift */; };
		4D41E19C2CDBD54200A04F1B /* Assets.xcassets in Resources */ = {isa = PBXBuildFile; fileRef = 4D41E19B2CDBD54200A04F1B /* Assets.xcassets */; };
		4D41E19F2CDBD54200A04F1B /* Preview Assets.xcassets in Resources */ = {isa = PBXBuildFile; fileRef = 4D41E19E2CDBD54200A04F1B /* Preview Assets.xcassets */; };
		4D41E1A92CDBD54200A04F1B /* WeSplitTests.swift in Sources */ = {isa = PBXBuildFile; fileRef = 4D41E1A82CDBD54200A04F1B /* WeSplitTests.swift */; };
		4D41E1B32CDBD54200A04F1B /* WeSplitUITests.swift in Sources */ = {isa = PBXBuildFile; fileRef = 4D41E1B22CDBD54200A04F1B /* WeSplitUITests.swift */; };
		4D41E1B52CDBD54200A04F1B /* WeSplitUITestsLaunchTests.swift in Sources */ = {isa = PBXBuildFile; fileRef = 4D41E1B42CDBD54200A04F1B /* WeSplitUITestsLaunchTests.swift */; };
		4D41E1C22CDD0BD700A04F1B /* CircleImage.swift in Sources */ = {isa = PBXBuildFile; fileRef = 4D41E1C12CDD0BD700A04F1B /* CircleImage.swift */; };
		4D41E1C62CDD0E4900A04F1B /* MapView.swift in Sources */ = {isa = PBXBuildFile; fileRef = 4D41E1C52CDD0E4900A04F1B /* MapView.swift */; };
		4D41E1C82CDD1EE800A04F1B /* Landmark.swift in Sources */ = {isa = PBXBuildFile; fileRef = 4D41E1C72CDD1EE700A04F1B /* Landmark.swift */; };
		4DA884242CDD242900A44016 /* ModelData.swift in Sources */ = {isa = PBXBuildFile; fileRef = 4DA884232CDD242900A44016 /* ModelData.swift */; };
		4DA884292CDD255800A44016 /* LandmarkRow.swift in Sources */ = {isa = PBXBuildFile; fileRef = 4DA884282CDD255800A44016 /* LandmarkRow.swift */; };
		4DA8842E2CDD2A0000A44016 /* LandmarkList.swift in Sources */ = {isa = PBXBuildFile; fileRef = 4DA8842D2CDD2A0000A44016 /* LandmarkList.swift */; };
		4DA884302CDD2AD700A44016 /* LandmarkDetail.swift in Sources */ = {isa = PBXBuildFile; fileRef = 4DA8842F2CDD2AD700A44016 /* LandmarkDetail.swift */; };
		4DA884342CE06D1900A44016 /* FavoriteButton.swift in Sources */ = {isa = PBXBuildFile; fileRef = 4DA884332CE06D1900A44016 /* FavoriteButton.swift */; };
		4DA884382CE0736C00A44016 /* HexagonParameters.swift in Sources */ = {isa = PBXBuildFile; fileRef = 4DA884372CE0736C00A44016 /* HexagonParameters.swift */; };
		4DA8843A2CE074BD00A44016 /* BadgeBackground.swift in Sources */ = {isa = PBXBuildFile; fileRef = 4DA884392CE074BD00A44016 /* BadgeBackground.swift */; };
		4DA8843C2CE0771800A44016 /* BadgeSymbol.swift in Sources */ = {isa = PBXBuildFile; fileRef = 4DA8843B2CE0771800A44016 /* BadgeSymbol.swift */; };
		4DA8843E2CE0776E00A44016 /* landmarkData.json in Resources */ = {isa = PBXBuildFile; fileRef = 4DA8843D2CE0776E00A44016 /* landmarkData.json */; };
		4DA884402CE077F700A44016 /* RotatedBadgeSymbol.swift in Sources */ = {isa = PBXBuildFile; fileRef = 4DA8843F2CE077F700A44016 /* RotatedBadgeSymbol.swift */; };
		4DA884422CE0785A00A44016 /* Badge.swift in Sources */ = {isa = PBXBuildFile; fileRef = 4DA884412CE0785A00A44016 /* Badge.swift */; };
		4DA884452CE07C0200A44016 /* hikeData.json in Resources */ = {isa = PBXBuildFile; fileRef = 4DA884442CE07C0200A44016 /* hikeData.json */; };
		4DA884472CE07C2400A44016 /* Hike.swift in Sources */ = {isa = PBXBuildFile; fileRef = 4DA884462CE07C2400A44016 /* Hike.swift */; };
		4DA8844D2CE07CF000A44016 /* GraphCapsule.swift in Sources */ = {isa = PBXBuildFile; fileRef = 4DA884492CE07CF000A44016 /* GraphCapsule.swift */; };
		4DA8844E2CE07CF000A44016 /* HikeGraph.swift in Sources */ = {isa = PBXBuildFile; fileRef = 4DA8844A2CE07CF000A44016 /* HikeGraph.swift */; };
		4DA8844F2CE07CF000A44016 /* HikeDetail.swift in Sources */ = {isa = PBXBuildFile; fileRef = 4DA8844B2CE07CF000A44016 /* HikeDetail.swift */; };
		4DA884502CE07CF000A44016 /* HikeView.swift in Sources */ = {isa = PBXBuildFile; fileRef = 4DA8844C2CE07CF000A44016 /* HikeView.swift */; };
		4DA884522CE0868900A44016 /* CategoryHome.swift in Sources */ = {isa = PBXBuildFile; fileRef = 4DA884512CE0868900A44016 /* CategoryHome.swift */; };
		4DA884542CE0880500A44016 /* CategoryRow.swift in Sources */ = {isa = PBXBuildFile; fileRef = 4DA884532CE0880500A44016 /* CategoryRow.swift */; };
		4DA884562CE0899B00A44016 /* CategoryItem.swift in Sources */ = {isa = PBXBuildFile; fileRef = 4DA884552CE0899B00A44016 /* CategoryItem.swift */; };
		4DA884592CE08DEC00A44016 /* Profile.swift in Sources */ = {isa = PBXBuildFile; fileRef = 4DA884582CE08DEC00A44016 /* Profile.swift */; };
		4DA8845C2CE08E4900A44016 /* ProfileHost.swift in Sources */ = {isa = PBXBuildFile; fileRef = 4DA8845B2CE08E4900A44016 /* ProfileHost.swift */; };
		4DA8845E2CE08EE100A44016 /* ProfileSummary.swift in Sources */ = {isa = PBXBuildFile; fileRef = 4DA8845D2CE08EE100A44016 /* ProfileSummary.swift */; };
		4DA884602CE08FE700A44016 /* HikeBadge.swift in Sources */ = {isa = PBXBuildFile; fileRef = 4DA8845F2CE08FE700A44016 /* HikeBadge.swift */; };
		4DA884622CE0968B00A44016 /* ProfileEditor.swift in Sources */ = {isa = PBXBuildFile; fileRef = 4DA884612CE0968B00A44016 /* ProfileEditor.swift */; };
		4DA884672CE0F28200A44016 /* FishGame.swift in Sources */ = {isa = PBXBuildFile; fileRef = 4DA884662CE0F28200A44016 /* FishGame.swift */; };
		4DA884692CE0FE0F00A44016 /* Game.swift in Sources */ = {isa = PBXBuildFile; fileRef = 4DA884682CE0FE0F00A44016 /* Game.swift */; };
		4DA8846C2CE10F9700A44016 /* PageViewController.swift in Sources */ = {isa = PBXBuildFile; fileRef = 4DA8846B2CE10F9700A44016 /* PageViewController.swift */; };
		4DA8846E2CE1118400A44016 /* FeatureCard.swift in Sources */ = {isa = PBXBuildFile; fileRef = 4DA8846D2CE1118400A44016 /* FeatureCard.swift */; };
		4DA884702CE1143000A44016 /* PageView.swift in Sources */ = {isa = PBXBuildFile; fileRef = 4DA8846F2CE1143000A44016 /* PageView.swift */; };
		4DA884722CE1172800A44016 /* PageControl.swift in Sources */ = {isa = PBXBuildFile; fileRef = 4DA884712CE1172800A44016 /* PageControl.swift */; };
		4DA885552CE2659600A44016 /* ContentView.swift in Sources */ = {isa = PBXBuildFile; fileRef = 4DA885542CE2659600A44016 /* ContentView.swift */; };
		4DA885572CE2659800A44016 /* Assets.xcassets in Resources */ = {isa = PBXBuildFile; fileRef = 4DA885562CE2659800A44016 /* Assets.xcassets */; };
		4DA8855A2CE2659800A44016 /* Preview Assets.xcassets in Resources */ = {isa = PBXBuildFile; fileRef = 4DA885592CE2659800A44016 /* Preview Assets.xcassets */; };
		4DA885642CE2659800A44016 /* WatchLandmark_Watch_AppTests.swift in Sources */ = {isa = PBXBuildFile; fileRef = 4DA885632CE2659800A44016 /* WatchLandmark_Watch_AppTests.swift */; };
		4DA8856E2CE2659800A44016 /* WatchLandmark_Watch_AppUITests.swift in Sources */ = {isa = PBXBuildFile; fileRef = 4DA8856D2CE2659800A44016 /* WatchLandmark_Watch_AppUITests.swift */; };
		4DA885702CE2659800A44016 /* WatchLandmark_Watch_AppUITestsLaunchTests.swift in Sources */ = {isa = PBXBuildFile; fileRef = 4DA8856F2CE2659800A44016 /* WatchLandmark_Watch_AppUITestsLaunchTests.swift */; };
		4DA885732CE2659800A44016 /* WatchLandmark Watch App.app in Embed Watch Content */ = {isa = PBXBuildFile; fileRef = 4DA885502CE2659600A44016 /* WatchLandmark Watch App.app */; settings = {ATTRIBUTES = (RemoveHeadersOnCopy, ); }; };
		4DA8857E2CE265D100A44016 /* Hike.swift in Sources */ = {isa = PBXBuildFile; fileRef = 4DA884462CE07C2400A44016 /* Hike.swift */; };
		4DA8857F2CE265D100A44016 /* WeSplitApp.swift in Sources */ = {isa = PBXBuildFile; fileRef = 4D41E1972CDBD54100A04F1B /* WeSplitApp.swift */; };
		4DA885802CE265D100A44016 /* ModelData.swift in Sources */ = {isa = PBXBuildFile; fileRef = 4DA884232CDD242900A44016 /* ModelData.swift */; };
		4DA885812CE265D100A44016 /* Landmark.swift in Sources */ = {isa = PBXBuildFile; fileRef = 4D41E1C72CDD1EE700A04F1B /* Landmark.swift */; };
		4DA885822CE265D100A44016 /* LandmarkRow.swift in Sources */ = {isa = PBXBuildFile; fileRef = 4DA884282CDD255800A44016 /* LandmarkRow.swift */; };
		4DA885832CE265D100A44016 /* Profile.swift in Sources */ = {isa = PBXBuildFile; fileRef = 4DA884582CE08DEC00A44016 /* Profile.swift */; };
		4DA885842CE265D100A44016 /* MapView.swift in Sources */ = {isa = PBXBuildFile; fileRef = 4D41E1C52CDD0E4900A04F1B /* MapView.swift */; };
		4DA885852CE265D100A44016 /* landmarkData.json in Resources */ = {isa = PBXBuildFile; fileRef = 4DA8843D2CE0776E00A44016 /* landmarkData.json */; };
		4DA885862CE265D100A44016 /* Assets.xcassets in Resources */ = {isa = PBXBuildFile; fileRef = 4D41E19B2CDBD54200A04F1B /* Assets.xcassets */; };
		4DA885872CE265D100A44016 /* CircleImage.swift in Sources */ = {isa = PBXBuildFile; fileRef = 4D41E1C12CDD0BD700A04F1B /* CircleImage.swift */; };
		4DA885882CE265D100A44016 /* LandmarkList.swift in Sources */ = {isa = PBXBuildFile; fileRef = 4DA8842D2CDD2A0000A44016 /* LandmarkList.swift */; };
		4DA885892CE265D100A44016 /* hikeData.json in Resources */ = {isa = PBXBuildFile; fileRef = 4DA884442CE07C0200A44016 /* hikeData.json */; };
		4DA8858B2CE2662600A44016 /* LandmarkDetail.swift in Sources */ = {isa = PBXBuildFile; fileRef = 4DA8858A2CE2662600A44016 /* LandmarkDetail.swift */; };
		4DA8858D2CE26A6900A44016 /* NotificationView.swift in Sources */ = {isa = PBXBuildFile; fileRef = 4DA8858C2CE26A6900A44016 /* NotificationView.swift */; };
		4DA8858F2CE26B0E00A44016 /* NotificationController.swift in Sources */ = {isa = PBXBuildFile; fileRef = 4DA8858E2CE26B0E00A44016 /* NotificationController.swift */; };
/* End PBXBuildFile section */

/* Begin PBXContainerItemProxy section */
		4D41E1A52CDBD54200A04F1B /* PBXContainerItemProxy */ = {
			isa = PBXContainerItemProxy;
			containerPortal = 4D41E18C2CDBD54100A04F1B /* Project object */;
			proxyType = 1;
			remoteGlobalIDString = 4D41E1932CDBD54100A04F1B;
			remoteInfo = WeSplit;
		};
		4D41E1AF2CDBD54200A04F1B /* PBXContainerItemProxy */ = {
			isa = PBXContainerItemProxy;
			containerPortal = 4D41E18C2CDBD54100A04F1B /* Project object */;
			proxyType = 1;
			remoteGlobalIDString = 4D41E1932CDBD54100A04F1B;
			remoteInfo = WeSplit;
		};
		4DA885602CE2659800A44016 /* PBXContainerItemProxy */ = {
			isa = PBXContainerItemProxy;
			containerPortal = 4D41E18C2CDBD54100A04F1B /* Project object */;
			proxyType = 1;
			remoteGlobalIDString = 4DA8854F2CE2659600A44016;
			remoteInfo = "WatchLandmark Watch App";
		};
		4DA8856A2CE2659800A44016 /* PBXContainerItemProxy */ = {
			isa = PBXContainerItemProxy;
			containerPortal = 4D41E18C2CDBD54100A04F1B /* Project object */;
			proxyType = 1;
			remoteGlobalIDString = 4DA8854F2CE2659600A44016;
			remoteInfo = "WatchLandmark Watch App";
		};
		4DA885712CE2659800A44016 /* PBXContainerItemProxy */ = {
			isa = PBXContainerItemProxy;
			containerPortal = 4D41E18C2CDBD54100A04F1B /* Project object */;
			proxyType = 1;
			remoteGlobalIDString = 4DA8854F2CE2659600A44016;
			remoteInfo = "WatchLandmark Watch App";
		};
/* End PBXContainerItemProxy section */

/* Begin PBXCopyFilesBuildPhase section */
		4DA885742CE2659800A44016 /* Embed Watch Content */ = {
			isa = PBXCopyFilesBuildPhase;
			buildActionMask = 2147483647;
			dstPath = "$(CONTENTS_FOLDER_PATH)/Watch";
			dstSubfolderSpec = 16;
			files = (
				4DA885732CE2659800A44016 /* WatchLandmark Watch App.app in Embed Watch Content */,
			);
			name = "Embed Watch Content";
			runOnlyForDeploymentPostprocessing = 0;
		};
/* End PBXCopyFilesBuildPhase section */

/* Begin PBXFileReference section */
		4D41E1942CDBD54100A04F1B /* WeSplit.app */ = {isa = PBXFileReference; explicitFileType = wrapper.application; includeInIndex = 0; path = WeSplit.app; sourceTree = BUILT_PRODUCTS_DIR; };
		4D41E1972CDBD54100A04F1B /* WeSplitApp.swift */ = {isa = PBXFileReference; lastKnownFileType = sourcecode.swift; path = WeSplitApp.swift; sourceTree = "<group>"; };
		4D41E1992CDBD54100A04F1B /* ContentView.swift */ = {isa = PBXFileReference; lastKnownFileType = sourcecode.swift; path = ContentView.swift; sourceTree = "<group>"; };
		4D41E19B2CDBD54200A04F1B /* Assets.xcassets */ = {isa = PBXFileReference; lastKnownFileType = folder.assetcatalog; path = Assets.xcassets; sourceTree = "<group>"; };
		4D41E19E2CDBD54200A04F1B /* Preview Assets.xcassets */ = {isa = PBXFileReference; lastKnownFileType = folder.assetcatalog; path = "Preview Assets.xcassets"; sourceTree = "<group>"; };
		4D41E1A42CDBD54200A04F1B /* WeSplitTests.xctest */ = {isa = PBXFileReference; explicitFileType = wrapper.cfbundle; includeInIndex = 0; path = WeSplitTests.xctest; sourceTree = BUILT_PRODUCTS_DIR; };
		4D41E1A82CDBD54200A04F1B /* WeSplitTests.swift */ = {isa = PBXFileReference; lastKnownFileType = sourcecode.swift; path = WeSplitTests.swift; sourceTree = "<group>"; };
		4D41E1AE2CDBD54200A04F1B /* WeSplitUITests.xctest */ = {isa = PBXFileReference; explicitFileType = wrapper.cfbundle; includeInIndex = 0; path = WeSplitUITests.xctest; sourceTree = BUILT_PRODUCTS_DIR; };
		4D41E1B22CDBD54200A04F1B /* WeSplitUITests.swift */ = {isa = PBXFileReference; lastKnownFileType = sourcecode.swift; path = WeSplitUITests.swift; sourceTree = "<group>"; };
		4D41E1B42CDBD54200A04F1B /* WeSplitUITestsLaunchTests.swift */ = {isa = PBXFileReference; lastKnownFileType = sourcecode.swift; path = WeSplitUITestsLaunchTests.swift; sourceTree = "<group>"; };
		4D41E1C12CDD0BD700A04F1B /* CircleImage.swift */ = {isa = PBXFileReference; lastKnownFileType = sourcecode.swift; path = CircleImage.swift; sourceTree = "<group>"; };
		4D41E1C52CDD0E4900A04F1B /* MapView.swift */ = {isa = PBXFileReference; lastKnownFileType = sourcecode.swift; path = MapView.swift; sourceTree = "<group>"; };
		4D41E1C72CDD1EE700A04F1B /* Landmark.swift */ = {isa = PBXFileReference; lastKnownFileType = sourcecode.swift; path = Landmark.swift; sourceTree = "<group>"; };
		4DA884232CDD242900A44016 /* ModelData.swift */ = {isa = PBXFileReference; lastKnownFileType = sourcecode.swift; path = ModelData.swift; sourceTree = "<group>"; };
		4DA884282CDD255800A44016 /* LandmarkRow.swift */ = {isa = PBXFileReference; lastKnownFileType = sourcecode.swift; path = LandmarkRow.swift; sourceTree = "<group>"; };
		4DA8842A2CDD26F300A44016 /* landmarkData.json */ = {isa = PBXFileReference; lastKnownFileType = text.json; path = landmarkData.json; sourceTree = "<group>"; };
		4DA8842D2CDD2A0000A44016 /* LandmarkList.swift */ = {isa = PBXFileReference; lastKnownFileType = sourcecode.swift; path = LandmarkList.swift; sourceTree = "<group>"; };
		4DA8842F2CDD2AD700A44016 /* LandmarkDetail.swift */ = {isa = PBXFileReference; lastKnownFileType = sourcecode.swift; path = LandmarkDetail.swift; sourceTree = "<group>"; };
		4DA884332CE06D1900A44016 /* FavoriteButton.swift */ = {isa = PBXFileReference; lastKnownFileType = sourcecode.swift; path = FavoriteButton.swift; sourceTree = "<group>"; };
		4DA884372CE0736C00A44016 /* HexagonParameters.swift */ = {isa = PBXFileReference; lastKnownFileType = sourcecode.swift; path = HexagonParameters.swift; sourceTree = "<group>"; };
		4DA884392CE074BD00A44016 /* BadgeBackground.swift */ = {isa = PBXFileReference; lastKnownFileType = sourcecode.swift; path = BadgeBackground.swift; sourceTree = "<group>"; };
		4DA8843B2CE0771800A44016 /* BadgeSymbol.swift */ = {isa = PBXFileReference; lastKnownFileType = sourcecode.swift; path = BadgeSymbol.swift; sourceTree = "<group>"; };
		4DA8843D2CE0776E00A44016 /* landmarkData.json */ = {isa = PBXFileReference; fileEncoding = 4; lastKnownFileType = text.json; name = landmarkData.json; path = ../../../../Downloads/DrawingPathsAndShapes/Complete/Landmarks/Resources/landmarkData.json; sourceTree = "<group>"; };
		4DA8843F2CE077F700A44016 /* RotatedBadgeSymbol.swift */ = {isa = PBXFileReference; lastKnownFileType = sourcecode.swift; path = RotatedBadgeSymbol.swift; sourceTree = "<group>"; };
		4DA884412CE0785A00A44016 /* Badge.swift */ = {isa = PBXFileReference; lastKnownFileType = sourcecode.swift; path = Badge.swift; sourceTree = "<group>"; };
		4DA884442CE07C0200A44016 /* hikeData.json */ = {isa = PBXFileReference; fileEncoding = 4; lastKnownFileType = text.json; path = hikeData.json; sourceTree = "<group>"; };
		4DA884462CE07C2400A44016 /* Hike.swift */ = {isa = PBXFileReference; lastKnownFileType = sourcecode.swift; path = Hike.swift; sourceTree = "<group>"; };
		4DA884492CE07CF000A44016 /* GraphCapsule.swift */ = {isa = PBXFileReference; fileEncoding = 4; lastKnownFileType = sourcecode.swift; path = GraphCapsule.swift; sourceTree = "<group>"; };
		4DA8844A2CE07CF000A44016 /* HikeGraph.swift */ = {isa = PBXFileReference; fileEncoding = 4; lastKnownFileType = sourcecode.swift; path = HikeGraph.swift; sourceTree = "<group>"; };
		4DA8844B2CE07CF000A44016 /* HikeDetail.swift */ = {isa = PBXFileReference; fileEncoding = 4; lastKnownFileType = sourcecode.swift; path = HikeDetail.swift; sourceTree = "<group>"; };
		4DA8844C2CE07CF000A44016 /* HikeView.swift */ = {isa = PBXFileReference; fileEncoding = 4; lastKnownFileType = sourcecode.swift; path = HikeView.swift; sourceTree = "<group>"; };
		4DA884512CE0868900A44016 /* CategoryHome.swift */ = {isa = PBXFileReference; lastKnownFileType = sourcecode.swift; path = CategoryHome.swift; sourceTree = "<group>"; };
		4DA884532CE0880500A44016 /* CategoryRow.swift */ = {isa = PBXFileReference; lastKnownFileType = sourcecode.swift; path = CategoryRow.swift; sourceTree = "<group>"; };
		4DA884552CE0899B00A44016 /* CategoryItem.swift */ = {isa = PBXFileReference; lastKnownFileType = sourcecode.swift; path = CategoryItem.swift; sourceTree = "<group>"; };
		4DA884582CE08DEC00A44016 /* Profile.swift */ = {isa = PBXFileReference; lastKnownFileType = sourcecode.swift; path = Profile.swift; sourceTree = "<group>"; };
		4DA8845B2CE08E4900A44016 /* ProfileHost.swift */ = {isa = PBXFileReference; lastKnownFileType = sourcecode.swift; path = ProfileHost.swift; sourceTree = "<group>"; };
		4DA8845D2CE08EE100A44016 /* ProfileSummary.swift */ = {isa = PBXFileReference; lastKnownFileType = sourcecode.swift; path = ProfileSummary.swift; sourceTree = "<group>"; };
		4DA8845F2CE08FE700A44016 /* HikeBadge.swift */ = {isa = PBXFileReference; lastKnownFileType = sourcecode.swift; path = HikeBadge.swift; sourceTree = "<group>"; };
		4DA884612CE0968B00A44016 /* ProfileEditor.swift */ = {isa = PBXFileReference; lastKnownFileType = sourcecode.swift; path = ProfileEditor.swift; sourceTree = "<group>"; };
		4DA884662CE0F28200A44016 /* FishGame.swift */ = {isa = PBXFileReference; lastKnownFileType = sourcecode.swift; path = FishGame.swift; sourceTree = "<group>"; };
		4DA884682CE0FE0F00A44016 /* Game.swift */ = {isa = PBXFileReference; lastKnownFileType = sourcecode.swift; path = Game.swift; sourceTree = "<group>"; };
		4DA8846B2CE10F9700A44016 /* PageViewController.swift */ = {isa = PBXFileReference; lastKnownFileType = sourcecode.swift; path = PageViewController.swift; sourceTree = "<group>"; };
		4DA8846D2CE1118400A44016 /* FeatureCard.swift */ = {isa = PBXFileReference; lastKnownFileType = sourcecode.swift; path = FeatureCard.swift; sourceTree = "<group>"; };
		4DA8846F2CE1143000A44016 /* PageView.swift */ = {isa = PBXFileReference; lastKnownFileType = sourcecode.swift; path = PageView.swift; sourceTree = "<group>"; };
		4DA884712CE1172800A44016 /* PageControl.swift */ = {isa = PBXFileReference; lastKnownFileType = sourcecode.swift; path = PageControl.swift; sourceTree = "<group>"; };
		4DA885502CE2659600A44016 /* WatchLandmark Watch App.app */ = {isa = PBXFileReference; explicitFileType = wrapper.application; includeInIndex = 0; path = "WatchLandmark Watch App.app"; sourceTree = BUILT_PRODUCTS_DIR; };
		4DA885542CE2659600A44016 /* ContentView.swift */ = {isa = PBXFileReference; lastKnownFileType = sourcecode.swift; path = ContentView.swift; sourceTree = "<group>"; };
		4DA885562CE2659800A44016 /* Assets.xcassets */ = {isa = PBXFileReference; lastKnownFileType = folder.assetcatalog; path = Assets.xcassets; sourceTree = "<group>"; };
		4DA885592CE2659800A44016 /* Preview Assets.xcassets */ = {isa = PBXFileReference; lastKnownFileType = folder.assetcatalog; path = "Preview Assets.xcassets"; sourceTree = "<group>"; };
		4DA8855F2CE2659800A44016 /* WatchLandmark Watch AppTests.xctest */ = {isa = PBXFileReference; explicitFileType = wrapper.cfbundle; includeInIndex = 0; path = "WatchLandmark Watch AppTests.xctest"; sourceTree = BUILT_PRODUCTS_DIR; };
		4DA885632CE2659800A44016 /* WatchLandmark_Watch_AppTests.swift */ = {isa = PBXFileReference; lastKnownFileType = sourcecode.swift; path = WatchLandmark_Watch_AppTests.swift; sourceTree = "<group>"; };
		4DA885692CE2659800A44016 /* WatchLandmark Watch AppUITests.xctest */ = {isa = PBXFileReference; explicitFileType = wrapper.cfbundle; includeInIndex = 0; path = "WatchLandmark Watch AppUITests.xctest"; sourceTree = BUILT_PRODUCTS_DIR; };
		4DA8856D2CE2659800A44016 /* WatchLandmark_Watch_AppUITests.swift */ = {isa = PBXFileReference; lastKnownFileType = sourcecode.swift; path = WatchLandmark_Watch_AppUITests.swift; sourceTree = "<group>"; };
		4DA8856F2CE2659800A44016 /* WatchLandmark_Watch_AppUITestsLaunchTests.swift */ = {isa = PBXFileReference; lastKnownFileType = sourcecode.swift; path = WatchLandmark_Watch_AppUITestsLaunchTests.swift; sourceTree = "<group>"; };
		4DA8858A2CE2662600A44016 /* LandmarkDetail.swift */ = {isa = PBXFileReference; lastKnownFileType = sourcecode.swift; path = LandmarkDetail.swift; sourceTree = "<group>"; };
		4DA8858C2CE26A6900A44016 /* NotificationView.swift */ = {isa = PBXFileReference; lastKnownFileType = sourcecode.swift; path = NotificationView.swift; sourceTree = "<group>"; };
		4DA8858E2CE26B0E00A44016 /* NotificationController.swift */ = {isa = PBXFileReference; lastKnownFileType = sourcecode.swift; path = NotificationController.swift; sourceTree = "<group>"; };
		4DA885902CE26C6B00A44016 /* PushNotificationPayload.apns */ = {isa = PBXFileReference; lastKnownFileType = text; path = PushNotificationPayload.apns; sourceTree = "<group>"; };
/* End PBXFileReference section */

/* Begin PBXFrameworksBuildPhase section */
		4D41E1912CDBD54100A04F1B /* Frameworks */ = {
			isa = PBXFrameworksBuildPhase;
			buildActionMask = 2147483647;
			files = (
			);
			runOnlyForDeploymentPostprocessing = 0;
		};
		4D41E1A12CDBD54200A04F1B /* Frameworks */ = {
			isa = PBXFrameworksBuildPhase;
			buildActionMask = 2147483647;
			files = (
			);
			runOnlyForDeploymentPostprocessing = 0;
		};
		4D41E1AB2CDBD54200A04F1B /* Frameworks */ = {
			isa = PBXFrameworksBuildPhase;
			buildActionMask = 2147483647;
			files = (
			);
			runOnlyForDeploymentPostprocessing = 0;
		};
		4DA8854D2CE2659600A44016 /* Frameworks */ = {
			isa = PBXFrameworksBuildPhase;
			buildActionMask = 2147483647;
			files = (
			);
			runOnlyForDeploymentPostprocessing = 0;
		};
		4DA8855C2CE2659800A44016 /* Frameworks */ = {
			isa = PBXFrameworksBuildPhase;
			buildActionMask = 2147483647;
			files = (
			);
			runOnlyForDeploymentPostprocessing = 0;
		};
		4DA885662CE2659800A44016 /* Frameworks */ = {
			isa = PBXFrameworksBuildPhase;
			buildActionMask = 2147483647;
			files = (
			);
			runOnlyForDeploymentPostprocessing = 0;
		};
/* End PBXFrameworksBuildPhase section */

/* Begin PBXGroup section */
		4D41E18B2CDBD54100A04F1B = {
			isa = PBXGroup;
			children = (
				4D41E1962CDBD54100A04F1B /* WeSplit */,
				4D41E1A72CDBD54200A04F1B /* WeSplitTests */,
				4D41E1B12CDBD54200A04F1B /* WeSplitUITests */,
				4DA885512CE2659600A44016 /* WatchLandmark Watch App */,
				4DA885622CE2659800A44016 /* WatchLandmark Watch AppTests */,
				4DA8856C2CE2659800A44016 /* WatchLandmark Watch AppUITests */,
				4D41E1952CDBD54100A04F1B /* Products */,
			);
			sourceTree = "<group>";
		};
		4D41E1952CDBD54100A04F1B /* Products */ = {
			isa = PBXGroup;
			children = (
				4D41E1942CDBD54100A04F1B /* WeSplit.app */,
				4D41E1A42CDBD54200A04F1B /* WeSplitTests.xctest */,
				4D41E1AE2CDBD54200A04F1B /* WeSplitUITests.xctest */,
				4DA885502CE2659600A44016 /* WatchLandmark Watch App.app */,
				4DA8855F2CE2659800A44016 /* WatchLandmark Watch AppTests.xctest */,
				4DA885692CE2659800A44016 /* WatchLandmark Watch AppUITests.xctest */,
			);
			name = Products;
			sourceTree = "<group>";
		};
		4D41E1962CDBD54100A04F1B /* WeSplit */ = {
			isa = PBXGroup;
			children = (
				4DA884652CE0F18E00A44016 /* App */,
				4DA884272CDD24DD00A44016 /* Resource */,
				4DA884262CDD24AE00A44016 /* Model */,
				4DA884252CDD249000A44016 /* View */,
				4D41E19D2CDBD54200A04F1B /* Preview Content */,
				4DA8842A2CDD26F300A44016 /* landmarkData.json */,
			);
			path = WeSplit;
			sourceTree = "<group>";
		};
		4D41E19D2CDBD54200A04F1B /* Preview Content */ = {
			isa = PBXGroup;
			children = (
				4D41E19E2CDBD54200A04F1B /* Preview Assets.xcassets */,
			);
			path = "Preview Content";
			sourceTree = "<group>";
		};
		4D41E1A72CDBD54200A04F1B /* WeSplitTests */ = {
			isa = PBXGroup;
			children = (
				4D41E1A82CDBD54200A04F1B /* WeSplitTests.swift */,
			);
			path = WeSplitTests;
			sourceTree = "<group>";
		};
		4D41E1B12CDBD54200A04F1B /* WeSplitUITests */ = {
			isa = PBXGroup;
			children = (
				4D41E1B22CDBD54200A04F1B /* WeSplitUITests.swift */,
				4D41E1B42CDBD54200A04F1B /* WeSplitUITestsLaunchTests.swift */,
			);
			path = WeSplitUITests;
			sourceTree = "<group>";
		};
		4DA884252CDD249000A44016 /* View */ = {
			isa = PBXGroup;
			children = (
				4DA8846A2CE10F8200A44016 /* Page */,
				4D41E1992CDBD54100A04F1B /* ContentView.swift */,
				4DA884632CE0F15200A44016 /* Fishing */,
				4DA8845A2CE08E3600A44016 /* Profiles */,
				4DA884482CE07CF000A44016 /* Hikes */,
				4DA884432CE078DF00A44016 /* Badge */,
				4DA884362CE06F7400A44016 /* Helper */,
				4DA884352CE06F5200A44016 /* Landmark */,
				4DA884572CE08C5400A44016 /* Category */,
			);
			path = View;
			sourceTree = "<group>";
		};
		4DA884262CDD24AE00A44016 /* Model */ = {
			isa = PBXGroup;
			children = (
				4DA884462CE07C2400A44016 /* Hike.swift */,
				4DA884232CDD242900A44016 /* ModelData.swift */,
				4D41E1C72CDD1EE700A04F1B /* Landmark.swift */,
				4DA884582CE08DEC00A44016 /* Profile.swift */,
				4DA884682CE0FE0F00A44016 /* Game.swift */,
			);
			path = Model;
			sourceTree = "<group>";
		};
		4DA884272CDD24DD00A44016 /* Resource */ = {
			isa = PBXGroup;
			children = (
				4DA884442CE07C0200A44016 /* hikeData.json */,
				4DA8843D2CE0776E00A44016 /* landmarkData.json */,
				4D41E19B2CDBD54200A04F1B /* Assets.xcassets */,
			);
			name = Resource;
			sourceTree = "<group>";
		};
		4DA884352CE06F5200A44016 /* Landmark */ = {
			isa = PBXGroup;
			children = (
				4DA884282CDD255800A44016 /* LandmarkRow.swift */,
				4DA8842D2CDD2A0000A44016 /* LandmarkList.swift */,
				4DA8842F2CDD2AD700A44016 /* LandmarkDetail.swift */,
				4DA8846D2CE1118400A44016 /* FeatureCard.swift */,
			);
			path = Landmark;
			sourceTree = "<group>";
		};
		4DA884362CE06F7400A44016 /* Helper */ = {
			isa = PBXGroup;
			children = (
				4D41E1C52CDD0E4900A04F1B /* MapView.swift */,
				4D41E1C12CDD0BD700A04F1B /* CircleImage.swift */,
				4DA884332CE06D1900A44016 /* FavoriteButton.swift */,
			);
			path = Helper;
			sourceTree = "<group>";
		};
		4DA884432CE078DF00A44016 /* Badge */ = {
			isa = PBXGroup;
			children = (
				4DA8843B2CE0771800A44016 /* BadgeSymbol.swift */,
				4DA884372CE0736C00A44016 /* HexagonParameters.swift */,
				4DA884392CE074BD00A44016 /* BadgeBackground.swift */,
				4DA8843F2CE077F700A44016 /* RotatedBadgeSymbol.swift */,
				4DA884412CE0785A00A44016 /* Badge.swift */,
			);
			path = Badge;
			sourceTree = "<group>";
		};
		4DA884482CE07CF000A44016 /* Hikes */ = {
			isa = PBXGroup;
			children = (
				4DA884492CE07CF000A44016 /* GraphCapsule.swift */,
				4DA8844A2CE07CF000A44016 /* HikeGraph.swift */,
				4DA8844B2CE07CF000A44016 /* HikeDetail.swift */,
				4DA8844C2CE07CF000A44016 /* HikeView.swift */,
				4DA8845F2CE08FE700A44016 /* HikeBadge.swift */,
			);
			path = Hikes;
			sourceTree = "<group>";
		};
		4DA884572CE08C5400A44016 /* Category */ = {
			isa = PBXGroup;
			children = (
				4DA884512CE0868900A44016 /* CategoryHome.swift */,
				4DA884532CE0880500A44016 /* CategoryRow.swift */,
				4DA884552CE0899B00A44016 /* CategoryItem.swift */,
			);
			path = Category;
			sourceTree = "<group>";
		};
		4DA8845A2CE08E3600A44016 /* Profiles */ = {
			isa = PBXGroup;
			children = (
				4DA8845B2CE08E4900A44016 /* ProfileHost.swift */,
				4DA8845D2CE08EE100A44016 /* ProfileSummary.swift */,
				4DA884612CE0968B00A44016 /* ProfileEditor.swift */,
			);
			path = Profiles;
			sourceTree = "<group>";
		};
		4DA884632CE0F15200A44016 /* Fishing */ = {
			isa = PBXGroup;
			children = (
				4DA884662CE0F28200A44016 /* FishGame.swift */,
			);
			path = Fishing;
			sourceTree = "<group>";
		};
		4DA884652CE0F18E00A44016 /* App */ = {
			isa = PBXGroup;
			children = (
				4D41E1972CDBD54100A04F1B /* WeSplitApp.swift */,
			);
			path = App;
			sourceTree = "<group>";
		};
		4DA8846A2CE10F8200A44016 /* Page */ = {
			isa = PBXGroup;
			children = (
				4DA8846B2CE10F9700A44016 /* PageViewController.swift */,
				4DA8846F2CE1143000A44016 /* PageView.swift */,
				4DA884712CE1172800A44016 /* PageControl.swift */,
			);
			path = Page;
			sourceTree = "<group>";
		};
		4DA885512CE2659600A44016 /* WatchLandmark Watch App */ = {
			isa = PBXGroup;
			children = (
				4DA885542CE2659600A44016 /* ContentView.swift */,
				4DA885562CE2659800A44016 /* Assets.xcassets */,
				4DA885582CE2659800A44016 /* Preview Content */,
				4DA8858A2CE2662600A44016 /* LandmarkDetail.swift */,
				4DA8858C2CE26A6900A44016 /* NotificationView.swift */,
				4DA8858E2CE26B0E00A44016 /* NotificationController.swift */,
				4DA885902CE26C6B00A44016 /* PushNotificationPayload.apns */,
			);
			path = "WatchLandmark Watch App";
			sourceTree = "<group>";
		};
		4DA885582CE2659800A44016 /* Preview Content */ = {
			isa = PBXGroup;
			children = (
				4DA885592CE2659800A44016 /* Preview Assets.xcassets */,
			);
			path = "Preview Content";
			sourceTree = "<group>";
		};
		4DA885622CE2659800A44016 /* WatchLandmark Watch AppTests */ = {
			isa = PBXGroup;
			children = (
				4DA885632CE2659800A44016 /* WatchLandmark_Watch_AppTests.swift */,
			);
			path = "WatchLandmark Watch AppTests";
			sourceTree = "<group>";
		};
		4DA8856C2CE2659800A44016 /* WatchLandmark Watch AppUITests */ = {
			isa = PBXGroup;
			children = (
				4DA8856D2CE2659800A44016 /* WatchLandmark_Watch_AppUITests.swift */,
				4DA8856F2CE2659800A44016 /* WatchLandmark_Watch_AppUITestsLaunchTests.swift */,
			);
			path = "WatchLandmark Watch AppUITests";
			sourceTree = "<group>";
		};
/* End PBXGroup section */

/* Begin PBXNativeTarget section */
		4D41E1932CDBD54100A04F1B /* WeSplit */ = {
			isa = PBXNativeTarget;
			buildConfigurationList = 4D41E1B82CDBD54200A04F1B /* Build configuration list for PBXNativeTarget "WeSplit" */;
			buildPhases = (
				4D41E1902CDBD54100A04F1B /* Sources */,
				4D41E1912CDBD54100A04F1B /* Frameworks */,
				4D41E1922CDBD54100A04F1B /* Resources */,
				4DA885742CE2659800A44016 /* Embed Watch Content */,
			);
			buildRules = (
			);
			dependencies = (
				4DA885722CE2659800A44016 /* PBXTargetDependency */,
			);
			name = WeSplit;
			productName = WeSplit;
			productReference = 4D41E1942CDBD54100A04F1B /* WeSplit.app */;
			productType = "com.apple.product-type.application";
		};
		4D41E1A32CDBD54200A04F1B /* WeSplitTests */ = {
			isa = PBXNativeTarget;
			buildConfigurationList = 4D41E1BB2CDBD54200A04F1B /* Build configuration list for PBXNativeTarget "WeSplitTests" */;
			buildPhases = (
				4D41E1A02CDBD54200A04F1B /* Sources */,
				4D41E1A12CDBD54200A04F1B /* Frameworks */,
				4D41E1A22CDBD54200A04F1B /* Resources */,
			);
			buildRules = (
			);
			dependencies = (
				4D41E1A62CDBD54200A04F1B /* PBXTargetDependency */,
			);
			name = WeSplitTests;
			productName = WeSplitTests;
			productReference = 4D41E1A42CDBD54200A04F1B /* WeSplitTests.xctest */;
			productType = "com.apple.product-type.bundle.unit-test";
		};
		4D41E1AD2CDBD54200A04F1B /* WeSplitUITests */ = {
			isa = PBXNativeTarget;
			buildConfigurationList = 4D41E1BE2CDBD54200A04F1B /* Build configuration list for PBXNativeTarget "WeSplitUITests" */;
			buildPhases = (
				4D41E1AA2CDBD54200A04F1B /* Sources */,
				4D41E1AB2CDBD54200A04F1B /* Frameworks */,
				4D41E1AC2CDBD54200A04F1B /* Resources */,
			);
			buildRules = (
			);
			dependencies = (
				4D41E1B02CDBD54200A04F1B /* PBXTargetDependency */,
			);
			name = WeSplitUITests;
			productName = WeSplitUITests;
			productReference = 4D41E1AE2CDBD54200A04F1B /* WeSplitUITests.xctest */;
			productType = "com.apple.product-type.bundle.ui-testing";
		};
		4DA8854F2CE2659600A44016 /* WatchLandmark Watch App */ = {
			isa = PBXNativeTarget;
			buildConfigurationList = 4DA8857B2CE2659800A44016 /* Build configuration list for PBXNativeTarget "WatchLandmark Watch App" */;
			buildPhases = (
				4DA8854C2CE2659600A44016 /* Sources */,
				4DA8854D2CE2659600A44016 /* Frameworks */,
				4DA8854E2CE2659600A44016 /* Resources */,
			);
			buildRules = (
			);
			dependencies = (
			);
			name = "WatchLandmark Watch App";
			productName = "WatchLandmark Watch App";
			productReference = 4DA885502CE2659600A44016 /* WatchLandmark Watch App.app */;
			productType = "com.apple.product-type.application";
		};
		4DA8855E2CE2659800A44016 /* WatchLandmark Watch AppTests */ = {
			isa = PBXNativeTarget;
			buildConfigurationList = 4DA8857C2CE2659800A44016 /* Build configuration list for PBXNativeTarget "WatchLandmark Watch AppTests" */;
			buildPhases = (
				4DA8855B2CE2659800A44016 /* Sources */,
				4DA8855C2CE2659800A44016 /* Frameworks */,
				4DA8855D2CE2659800A44016 /* Resources */,
			);
			buildRules = (
			);
			dependencies = (
				4DA885612CE2659800A44016 /* PBXTargetDependency */,
			);
			name = "WatchLandmark Watch AppTests";
			productName = "WatchLandmark Watch AppTests";
			productReference = 4DA8855F2CE2659800A44016 /* WatchLandmark Watch AppTests.xctest */;
			productType = "com.apple.product-type.bundle.unit-test";
		};
		4DA885682CE2659800A44016 /* WatchLandmark Watch AppUITests */ = {
			isa = PBXNativeTarget;
			buildConfigurationList = 4DA8857D2CE2659800A44016 /* Build configuration list for PBXNativeTarget "WatchLandmark Watch AppUITests" */;
			buildPhases = (
				4DA885652CE2659800A44016 /* Sources */,
				4DA885662CE2659800A44016 /* Frameworks */,
				4DA885672CE2659800A44016 /* Resources */,
			);
			buildRules = (
			);
			dependencies = (
				4DA8856B2CE2659800A44016 /* PBXTargetDependency */,
			);
			name = "WatchLandmark Watch AppUITests";
			productName = "WatchLandmark Watch AppUITests";
			productReference = 4DA885692CE2659800A44016 /* WatchLandmark Watch AppUITests.xctest */;
			productType = "com.apple.product-type.bundle.ui-testing";
		};
/* End PBXNativeTarget section */

/* Begin PBXProject section */
		4D41E18C2CDBD54100A04F1B /* Project object */ = {
			isa = PBXProject;
			attributes = {
				BuildIndependentTargetsInParallel = 1;
				LastSwiftUpdateCheck = 1500;
				LastUpgradeCheck = 1500;
				TargetAttributes = {
					4D41E1932CDBD54100A04F1B = {
						CreatedOnToolsVersion = 15.0.1;
					};
					4D41E1A32CDBD54200A04F1B = {
						CreatedOnToolsVersion = 15.0.1;
						TestTargetID = 4D41E1932CDBD54100A04F1B;
					};
					4D41E1AD2CDBD54200A04F1B = {
						CreatedOnToolsVersion = 15.0.1;
						TestTargetID = 4D41E1932CDBD54100A04F1B;
					};
					4DA8854F2CE2659600A44016 = {
						CreatedOnToolsVersion = 15.0.1;
					};
					4DA8855E2CE2659800A44016 = {
						CreatedOnToolsVersion = 15.0.1;
						TestTargetID = 4DA8854F2CE2659600A44016;
					};
					4DA885682CE2659800A44016 = {
						CreatedOnToolsVersion = 15.0.1;
						TestTargetID = 4DA8854F2CE2659600A44016;
					};
				};
			};
			buildConfigurationList = 4D41E18F2CDBD54100A04F1B /* Build configuration list for PBXProject "WeSplit" */;
			compatibilityVersion = "Xcode 14.0";
			developmentRegion = en;
			hasScannedForEncodings = 0;
			knownRegions = (
				en,
				Base,
			);
			mainGroup = 4D41E18B2CDBD54100A04F1B;
			productRefGroup = 4D41E1952CDBD54100A04F1B /* Products */;
			projectDirPath = "";
			projectRoot = "";
			targets = (
				4D41E1932CDBD54100A04F1B /* WeSplit */,
				4D41E1A32CDBD54200A04F1B /* WeSplitTests */,
				4D41E1AD2CDBD54200A04F1B /* WeSplitUITests */,
				4DA8854F2CE2659600A44016 /* WatchLandmark Watch App */,
				4DA8855E2CE2659800A44016 /* WatchLandmark Watch AppTests */,
				4DA885682CE2659800A44016 /* WatchLandmark Watch AppUITests */,
			);
		};
/* End PBXProject section */

/* Begin PBXResourcesBuildPhase section */
		4D41E1922CDBD54100A04F1B /* Resources */ = {
			isa = PBXResourcesBuildPhase;
			buildActionMask = 2147483647;
			files = (
				4DA884452CE07C0200A44016 /* hikeData.json in Resources */,
				4D41E19F2CDBD54200A04F1B /* Preview Assets.xcassets in Resources */,
				4DA8843E2CE0776E00A44016 /* landmarkData.json in Resources */,
				4D41E19C2CDBD54200A04F1B /* Assets.xcassets in Resources */,
			);
			runOnlyForDeploymentPostprocessing = 0;
		};
		4D41E1A22CDBD54200A04F1B /* Resources */ = {
			isa = PBXResourcesBuildPhase;
			buildActionMask = 2147483647;
			files = (
			);
			runOnlyForDeploymentPostprocessing = 0;
		};
		4D41E1AC2CDBD54200A04F1B /* Resources */ = {
			isa = PBXResourcesBuildPhase;
			buildActionMask = 2147483647;
			files = (
			);
			runOnlyForDeploymentPostprocessing = 0;
		};
		4DA8854E2CE2659600A44016 /* Resources */ = {
			isa = PBXResourcesBuildPhase;
			buildActionMask = 2147483647;
			files = (
				4DA8855A2CE2659800A44016 /* Preview Assets.xcassets in Resources */,
				4DA885572CE2659800A44016 /* Assets.xcassets in Resources */,
				4DA885862CE265D100A44016 /* Assets.xcassets in Resources */,
				4DA885852CE265D100A44016 /* landmarkData.json in Resources */,
				4DA885892CE265D100A44016 /* hikeData.json in Resources */,
			);
			runOnlyForDeploymentPostprocessing = 0;
		};
		4DA8855D2CE2659800A44016 /* Resources */ = {
			isa = PBXResourcesBuildPhase;
			buildActionMask = 2147483647;
			files = (
			);
			runOnlyForDeploymentPostprocessing = 0;
		};
		4DA885672CE2659800A44016 /* Resources */ = {
			isa = PBXResourcesBuildPhase;
			buildActionMask = 2147483647;
			files = (
			);
			runOnlyForDeploymentPostprocessing = 0;
		};
/* End PBXResourcesBuildPhase section */

/* Begin PBXSourcesBuildPhase section */
		4D41E1902CDBD54100A04F1B /* Sources */ = {
			isa = PBXSourcesBuildPhase;
			buildActionMask = 2147483647;
			files = (
				4DA884542CE0880500A44016 /* CategoryRow.swift in Sources */,
				4DA884592CE08DEC00A44016 /* Profile.swift in Sources */,
				4D41E19A2CDBD54100A04F1B /* ContentView.swift in Sources */,
				4DA884522CE0868900A44016 /* CategoryHome.swift in Sources */,
				4DA8844E2CE07CF000A44016 /* HikeGraph.swift in Sources */,
				4DA884422CE0785A00A44016 /* Badge.swift in Sources */,
				4DA884672CE0F28200A44016 /* FishGame.swift in Sources */,
				4D41E1C62CDD0E4900A04F1B /* MapView.swift in Sources */,
				4DA8844D2CE07CF000A44016 /* GraphCapsule.swift in Sources */,
				4DA8842E2CDD2A0000A44016 /* LandmarkList.swift in Sources */,
				4DA884342CE06D1900A44016 /* FavoriteButton.swift in Sources */,
				4DA884562CE0899B00A44016 /* CategoryItem.swift in Sources */,
				4DA8844F2CE07CF000A44016 /* HikeDetail.swift in Sources */,
				4DA8845E2CE08EE100A44016 /* ProfileSummary.swift in Sources */,
				4DA8846C2CE10F9700A44016 /* PageViewController.swift in Sources */,
				4DA884382CE0736C00A44016 /* HexagonParameters.swift in Sources */,
				4DA8845C2CE08E4900A44016 /* ProfileHost.swift in Sources */,
				4DA884472CE07C2400A44016 /* Hike.swift in Sources */,
				4DA8846E2CE1118400A44016 /* FeatureCard.swift in Sources */,
				4DA884702CE1143000A44016 /* PageView.swift in Sources */,
				4DA884402CE077F700A44016 /* RotatedBadgeSymbol.swift in Sources */,
				4DA8843C2CE0771800A44016 /* BadgeSymbol.swift in Sources */,
				4DA884622CE0968B00A44016 /* ProfileEditor.swift in Sources */,
				4D41E1982CDBD54100A04F1B /* WeSplitApp.swift in Sources */,
				4DA884502CE07CF000A44016 /* HikeView.swift in Sources */,
				4DA884692CE0FE0F00A44016 /* Game.swift in Sources */,
				4DA884302CDD2AD700A44016 /* LandmarkDetail.swift in Sources */,
				4DA8843A2CE074BD00A44016 /* BadgeBackground.swift in Sources */,
				4DA884602CE08FE700A44016 /* HikeBadge.swift in Sources */,
				4D41E1C22CDD0BD700A04F1B /* CircleImage.swift in Sources */,
				4D41E1C82CDD1EE800A04F1B /* Landmark.swift in Sources */,
				4DA884292CDD255800A44016 /* LandmarkRow.swift in Sources */,
				4DA884722CE1172800A44016 /* PageControl.swift in Sources */,
				4DA884242CDD242900A44016 /* ModelData.swift in Sources */,
			);
			runOnlyForDeploymentPostprocessing = 0;
		};
		4D41E1A02CDBD54200A04F1B /* Sources */ = {
			isa = PBXSourcesBuildPhase;
			buildActionMask = 2147483647;
			files = (
				4D41E1A92CDBD54200A04F1B /* WeSplitTests.swift in Sources */,
			);
			runOnlyForDeploymentPostprocessing = 0;
		};
		4D41E1AA2CDBD54200A04F1B /* Sources */ = {
			isa = PBXSourcesBuildPhase;
			buildActionMask = 2147483647;
			files = (
				4D41E1B32CDBD54200A04F1B /* WeSplitUITests.swift in Sources */,
				4D41E1B52CDBD54200A04F1B /* WeSplitUITestsLaunchTests.swift in Sources */,
			);
			runOnlyForDeploymentPostprocessing = 0;
		};
		4DA8854C2CE2659600A44016 /* Sources */ = {
			isa = PBXSourcesBuildPhase;
			buildActionMask = 2147483647;
			files = (
				4DA8857F2CE265D100A44016 /* WeSplitApp.swift in Sources */,
				4DA885882CE265D100A44016 /* LandmarkList.swift in Sources */,
				4DA885832CE265D100A44016 /* Profile.swift in Sources */,
				4DA8857E2CE265D100A44016 /* Hike.swift in Sources */,
				4DA8858B2CE2662600A44016 /* LandmarkDetail.swift in Sources */,
				4DA885802CE265D100A44016 /* ModelData.swift in Sources */,
				4DA885552CE2659600A44016 /* ContentView.swift in Sources */,
				4DA885822CE265D100A44016 /* LandmarkRow.swift in Sources */,
				4DA885842CE265D100A44016 /* MapView.swift in Sources */,
				4DA885812CE265D100A44016 /* Landmark.swift in Sources */,
				4DA885872CE265D100A44016 /* CircleImage.swift in Sources */,
				4DA8858D2CE26A6900A44016 /* NotificationView.swift in Sources */,
				4DA8858F2CE26B0E00A44016 /* NotificationController.swift in Sources */,
			);
			runOnlyForDeploymentPostprocessing = 0;
		};
		4DA8855B2CE2659800A44016 /* Sources */ = {
			isa = PBXSourcesBuildPhase;
			buildActionMask = 2147483647;
			files = (
				4DA885642CE2659800A44016 /* WatchLandmark_Watch_AppTests.swift in Sources */,
			);
			runOnlyForDeploymentPostprocessing = 0;
		};
		4DA885652CE2659800A44016 /* Sources */ = {
			isa = PBXSourcesBuildPhase;
			buildActionMask = 2147483647;
			files = (
				4DA885702CE2659800A44016 /* WatchLandmark_Watch_AppUITestsLaunchTests.swift in Sources */,
				4DA8856E2CE2659800A44016 /* WatchLandmark_Watch_AppUITests.swift in Sources */,
			);
			runOnlyForDeploymentPostprocessing = 0;
		};
/* End PBXSourcesBuildPhase section */

/* Begin PBXTargetDependency section */
		4D41E1A62CDBD54200A04F1B /* PBXTargetDependency */ = {
			isa = PBXTargetDependency;
			target = 4D41E1932CDBD54100A04F1B /* WeSplit */;
			targetProxy = 4D41E1A52CDBD54200A04F1B /* PBXContainerItemProxy */;
		};
		4D41E1B02CDBD54200A04F1B /* PBXTargetDependency */ = {
			isa = PBXTargetDependency;
			target = 4D41E1932CDBD54100A04F1B /* WeSplit */;
			targetProxy = 4D41E1AF2CDBD54200A04F1B /* PBXContainerItemProxy */;
		};
		4DA885612CE2659800A44016 /* PBXTargetDependency */ = {
			isa = PBXTargetDependency;
			target = 4DA8854F2CE2659600A44016 /* WatchLandmark Watch App */;
			targetProxy = 4DA885602CE2659800A44016 /* PBXContainerItemProxy */;
		};
		4DA8856B2CE2659800A44016 /* PBXTargetDependency */ = {
			isa = PBXTargetDependency;
			target = 4DA8854F2CE2659600A44016 /* WatchLandmark Watch App */;
			targetProxy = 4DA8856A2CE2659800A44016 /* PBXContainerItemProxy */;
		};
		4DA885722CE2659800A44016 /* PBXTargetDependency */ = {
			isa = PBXTargetDependency;
			target = 4DA8854F2CE2659600A44016 /* WatchLandmark Watch App */;
			targetProxy = 4DA885712CE2659800A44016 /* PBXContainerItemProxy */;
		};
/* End PBXTargetDependency section */

/* Begin XCBuildConfiguration section */
		4D41E1B62CDBD54200A04F1B /* Debug */ = {
			isa = XCBuildConfiguration;
			buildSettings = {
				ALWAYS_SEARCH_USER_PATHS = NO;
				ASSETCATALOG_COMPILER_GENERATE_SWIFT_ASSET_SYMBOL_EXTENSIONS = YES;
				CLANG_ANALYZER_NONNULL = YES;
				CLANG_ANALYZER_NUMBER_OBJECT_CONVERSION = YES_AGGRESSIVE;
				CLANG_CXX_LANGUAGE_STANDARD = "gnu++20";
				CLANG_ENABLE_MODULES = YES;
				CLANG_ENABLE_OBJC_ARC = YES;
				CLANG_ENABLE_OBJC_WEAK = YES;
				CLANG_WARN_BLOCK_CAPTURE_AUTORELEASING = YES;
				CLANG_WARN_BOOL_CONVERSION = YES;
				CLANG_WARN_COMMA = YES;
				CLANG_WARN_CONSTANT_CONVERSION = YES;
				CLANG_WARN_DEPRECATED_OBJC_IMPLEMENTATIONS = YES;
				CLANG_WARN_DIRECT_OBJC_ISA_USAGE = YES_ERROR;
				CLANG_WARN_DOCUMENTATION_COMMENTS = YES;
				CLANG_WARN_EMPTY_BODY = YES;
				CLANG_WARN_ENUM_CONVERSION = YES;
				CLANG_WARN_INFINITE_RECURSION = YES;
				CLANG_WARN_INT_CONVERSION = YES;
				CLANG_WARN_NON_LITERAL_NULL_CONVERSION = YES;
				CLANG_WARN_OBJC_IMPLICIT_RETAIN_SELF = YES;
				CLANG_WARN_OBJC_LITERAL_CONVERSION = YES;
				CLANG_WARN_OBJC_ROOT_CLASS = YES_ERROR;
				CLANG_WARN_QUOTED_INCLUDE_IN_FRAMEWORK_HEADER = YES;
				CLANG_WARN_RANGE_LOOP_ANALYSIS = YES;
				CLANG_WARN_STRICT_PROTOTYPES = YES;
				CLANG_WARN_SUSPICIOUS_MOVE = YES;
				CLANG_WARN_UNGUARDED_AVAILABILITY = YES_AGGRESSIVE;
				CLANG_WARN_UNREACHABLE_CODE = YES;
				CLANG_WARN__DUPLICATE_METHOD_MATCH = YES;
				COPY_PHASE_STRIP = NO;
				DEBUG_INFORMATION_FORMAT = dwarf;
				ENABLE_STRICT_OBJC_MSGSEND = YES;
				ENABLE_TESTABILITY = YES;
				ENABLE_USER_SCRIPT_SANDBOXING = YES;
				GCC_C_LANGUAGE_STANDARD = gnu17;
				GCC_DYNAMIC_NO_PIC = NO;
				GCC_NO_COMMON_BLOCKS = YES;
				GCC_OPTIMIZATION_LEVEL = 0;
				GCC_PREPROCESSOR_DEFINITIONS = (
					"DEBUG=1",
					"$(inherited)",
				);
				GCC_WARN_64_TO_32_BIT_CONVERSION = YES;
				GCC_WARN_ABOUT_RETURN_TYPE = YES_ERROR;
				GCC_WARN_UNDECLARED_SELECTOR = YES;
				GCC_WARN_UNINITIALIZED_AUTOS = YES_AGGRESSIVE;
				GCC_WARN_UNUSED_FUNCTION = YES;
				GCC_WARN_UNUSED_VARIABLE = YES;
				IPHONEOS_DEPLOYMENT_TARGET = 17.0;
				LOCALIZATION_PREFERS_STRING_CATALOGS = YES;
				MTL_ENABLE_DEBUG_INFO = INCLUDE_SOURCE;
				MTL_FAST_MATH = YES;
				ONLY_ACTIVE_ARCH = YES;
				SDKROOT = iphoneos;
				SWIFT_ACTIVE_COMPILATION_CONDITIONS = "DEBUG $(inherited)";
				SWIFT_OPTIMIZATION_LEVEL = "-Onone";
			};
			name = Debug;
		};
		4D41E1B72CDBD54200A04F1B /* Release */ = {
			isa = XCBuildConfiguration;
			buildSettings = {
				ALWAYS_SEARCH_USER_PATHS = NO;
				ASSETCATALOG_COMPILER_GENERATE_SWIFT_ASSET_SYMBOL_EXTENSIONS = YES;
				CLANG_ANALYZER_NONNULL = YES;
				CLANG_ANALYZER_NUMBER_OBJECT_CONVERSION = YES_AGGRESSIVE;
				CLANG_CXX_LANGUAGE_STANDARD = "gnu++20";
				CLANG_ENABLE_MODULES = YES;
				CLANG_ENABLE_OBJC_ARC = YES;
				CLANG_ENABLE_OBJC_WEAK = YES;
				CLANG_WARN_BLOCK_CAPTURE_AUTORELEASING = YES;
				CLANG_WARN_BOOL_CONVERSION = YES;
				CLANG_WARN_COMMA = YES;
				CLANG_WARN_CONSTANT_CONVERSION = YES;
				CLANG_WARN_DEPRECATED_OBJC_IMPLEMENTATIONS = YES;
				CLANG_WARN_DIRECT_OBJC_ISA_USAGE = YES_ERROR;
				CLANG_WARN_DOCUMENTATION_COMMENTS = YES;
				CLANG_WARN_EMPTY_BODY = YES;
				CLANG_WARN_ENUM_CONVERSION = YES;
				CLANG_WARN_INFINITE_RECURSION = YES;
				CLANG_WARN_INT_CONVERSION = YES;
				CLANG_WARN_NON_LITERAL_NULL_CONVERSION = YES;
				CLANG_WARN_OBJC_IMPLICIT_RETAIN_SELF = YES;
				CLANG_WARN_OBJC_LITERAL_CONVERSION = YES;
				CLANG_WARN_OBJC_ROOT_CLASS = YES_ERROR;
				CLANG_WARN_QUOTED_INCLUDE_IN_FRAMEWORK_HEADER = YES;
				CLANG_WARN_RANGE_LOOP_ANALYSIS = YES;
				CLANG_WARN_STRICT_PROTOTYPES = YES;
				CLANG_WARN_SUSPICIOUS_MOVE = YES;
				CLANG_WARN_UNGUARDED_AVAILABILITY = YES_AGGRESSIVE;
				CLANG_WARN_UNREACHABLE_CODE = YES;
				CLANG_WARN__DUPLICATE_METHOD_MATCH = YES;
				COPY_PHASE_STRIP = NO;
				DEBUG_INFORMATION_FORMAT = "dwarf-with-dsym";
				ENABLE_NS_ASSERTIONS = NO;
				ENABLE_STRICT_OBJC_MSGSEND = YES;
				ENABLE_USER_SCRIPT_SANDBOXING = YES;
				GCC_C_LANGUAGE_STANDARD = gnu17;
				GCC_NO_COMMON_BLOCKS = YES;
				GCC_WARN_64_TO_32_BIT_CONVERSION = YES;
				GCC_WARN_ABOUT_RETURN_TYPE = YES_ERROR;
				GCC_WARN_UNDECLARED_SELECTOR = YES;
				GCC_WARN_UNINITIALIZED_AUTOS = YES_AGGRESSIVE;
				GCC_WARN_UNUSED_FUNCTION = YES;
				GCC_WARN_UNUSED_VARIABLE = YES;
				IPHONEOS_DEPLOYMENT_TARGET = 17.0;
				LOCALIZATION_PREFERS_STRING_CATALOGS = YES;
				MTL_ENABLE_DEBUG_INFO = NO;
				MTL_FAST_MATH = YES;
				SDKROOT = iphoneos;
				SWIFT_COMPILATION_MODE = wholemodule;
				VALIDATE_PRODUCT = YES;
			};
			name = Release;
		};
		4D41E1B92CDBD54200A04F1B /* Debug */ = {
			isa = XCBuildConfiguration;
			buildSettings = {
				ALWAYS_EMBED_SWIFT_STANDARD_LIBRARIES = YES;
				ASSETCATALOG_COMPILER_APPICON_NAME = AppIcon;
				ASSETCATALOG_COMPILER_GLOBAL_ACCENT_COLOR_NAME = AccentColor;
				CODE_SIGN_STYLE = Automatic;
				CURRENT_PROJECT_VERSION = 1;
				DEVELOPMENT_ASSET_PATHS = "\"WeSplit/Preview Content\"";
				ENABLE_PREVIEWS = YES;
				GENERATE_INFOPLIST_FILE = YES;
				INFOPLIST_KEY_UIApplicationSceneManifest_Generation = YES;
				INFOPLIST_KEY_UIApplicationSupportsIndirectInputEvents = YES;
				INFOPLIST_KEY_UILaunchScreen_Generation = YES;
				INFOPLIST_KEY_UISupportedInterfaceOrientations_iPad = "UIInterfaceOrientationPortrait UIInterfaceOrientationPortraitUpsideDown UIInterfaceOrientationLandscapeLeft UIInterfaceOrientationLandscapeRight";
				INFOPLIST_KEY_UISupportedInterfaceOrientations_iPhone = "UIInterfaceOrientationPortrait UIInterfaceOrientationLandscapeLeft UIInterfaceOrientationLandscapeRight";
				LD_RUNPATH_SEARCH_PATHS = (
					"$(inherited)",
					"@executable_path/Frameworks",
				);
				MARKETING_VERSION = 1.0;
				PRODUCT_BUNDLE_IDENTIFIER = VirtualLocation.WeSplit;
				PRODUCT_NAME = "$(TARGET_NAME)";
				SWIFT_EMIT_LOC_STRINGS = YES;
				SWIFT_VERSION = 5.0;
				TARGETED_DEVICE_FAMILY = "1,2";
			};
			name = Debug;
		};
		4D41E1BA2CDBD54200A04F1B /* Release */ = {
			isa = XCBuildConfiguration;
			buildSettings = {
				ALWAYS_EMBED_SWIFT_STANDARD_LIBRARIES = YES;
				ASSETCATALOG_COMPILER_APPICON_NAME = AppIcon;
				ASSETCATALOG_COMPILER_GLOBAL_ACCENT_COLOR_NAME = AccentColor;
				CODE_SIGN_STYLE = Automatic;
				CURRENT_PROJECT_VERSION = 1;
				DEVELOPMENT_ASSET_PATHS = "\"WeSplit/Preview Content\"";
				ENABLE_PREVIEWS = YES;
				GENERATE_INFOPLIST_FILE = YES;
				INFOPLIST_KEY_UIApplicationSceneManifest_Generation = YES;
				INFOPLIST_KEY_UIApplicationSupportsIndirectInputEvents = YES;
				INFOPLIST_KEY_UILaunchScreen_Generation = YES;
				INFOPLIST_KEY_UISupportedInterfaceOrientations_iPad = "UIInterfaceOrientationPortrait UIInterfaceOrientationPortraitUpsideDown UIInterfaceOrientationLandscapeLeft UIInterfaceOrientationLandscapeRight";
				INFOPLIST_KEY_UISupportedInterfaceOrientations_iPhone = "UIInterfaceOrientationPortrait UIInterfaceOrientationLandscapeLeft UIInterfaceOrientationLandscapeRight";
				LD_RUNPATH_SEARCH_PATHS = (
					"$(inherited)",
					"@executable_path/Frameworks",
				);
				MARKETING_VERSION = 1.0;
				PRODUCT_BUNDLE_IDENTIFIER = VirtualLocation.WeSplit;
				PRODUCT_NAME = "$(TARGET_NAME)";
				SWIFT_EMIT_LOC_STRINGS = YES;
				SWIFT_VERSION = 5.0;
				TARGETED_DEVICE_FAMILY = "1,2";
			};
			name = Release;
		};
		4D41E1BC2CDBD54200A04F1B /* Debug */ = {
			isa = XCBuildConfiguration;
			buildSettings = {
				ALWAYS_EMBED_SWIFT_STANDARD_LIBRARIES = YES;
				BUNDLE_LOADER = "$(TEST_HOST)";
				CODE_SIGN_STYLE = Automatic;
				CURRENT_PROJECT_VERSION = 1;
				GENERATE_INFOPLIST_FILE = YES;
				IPHONEOS_DEPLOYMENT_TARGET = 17.0;
				MARKETING_VERSION = 1.0;
				PRODUCT_BUNDLE_IDENTIFIER = VirtualLocation.WeSplitTests;
				PRODUCT_NAME = "$(TARGET_NAME)";
				SWIFT_EMIT_LOC_STRINGS = NO;
				SWIFT_VERSION = 5.0;
				TARGETED_DEVICE_FAMILY = "1,2";
				TEST_HOST = "$(BUILT_PRODUCTS_DIR)/WeSplit.app/$(BUNDLE_EXECUTABLE_FOLDER_PATH)/WeSplit";
			};
			name = Debug;
		};
		4D41E1BD2CDBD54200A04F1B /* Release */ = {
			isa = XCBuildConfiguration;
			buildSettings = {
				ALWAYS_EMBED_SWIFT_STANDARD_LIBRARIES = YES;
				BUNDLE_LOADER = "$(TEST_HOST)";
				CODE_SIGN_STYLE = Automatic;
				CURRENT_PROJECT_VERSION = 1;
				GENERATE_INFOPLIST_FILE = YES;
				IPHONEOS_DEPLOYMENT_TARGET = 17.0;
				MARKETING_VERSION = 1.0;
				PRODUCT_BUNDLE_IDENTIFIER = VirtualLocation.WeSplitTests;
				PRODUCT_NAME = "$(TARGET_NAME)";
				SWIFT_EMIT_LOC_STRINGS = NO;
				SWIFT_VERSION = 5.0;
				TARGETED_DEVICE_FAMILY = "1,2";
				TEST_HOST = "$(BUILT_PRODUCTS_DIR)/WeSplit.app/$(BUNDLE_EXECUTABLE_FOLDER_PATH)/WeSplit";
			};
			name = Release;
		};
		4D41E1BF2CDBD54200A04F1B /* Debug */ = {
			isa = XCBuildConfiguration;
			buildSettings = {
				ALWAYS_EMBED_SWIFT_STANDARD_LIBRARIES = YES;
				CODE_SIGN_STYLE = Automatic;
				CURRENT_PROJECT_VERSION = 1;
				GENERATE_INFOPLIST_FILE = YES;
				MARKETING_VERSION = 1.0;
				PRODUCT_BUNDLE_IDENTIFIER = VirtualLocation.WeSplitUITests;
				PRODUCT_NAME = "$(TARGET_NAME)";
				SWIFT_EMIT_LOC_STRINGS = NO;
				SWIFT_VERSION = 5.0;
				TARGETED_DEVICE_FAMILY = "1,2";
				TEST_TARGET_NAME = WeSplit;
			};
			name = Debug;
		};
		4D41E1C02CDBD54200A04F1B /* Release */ = {
			isa = XCBuildConfiguration;
			buildSettings = {
				ALWAYS_EMBED_SWIFT_STANDARD_LIBRARIES = YES;
				CODE_SIGN_STYLE = Automatic;
				CURRENT_PROJECT_VERSION = 1;
				GENERATE_INFOPLIST_FILE = YES;
				MARKETING_VERSION = 1.0;
				PRODUCT_BUNDLE_IDENTIFIER = VirtualLocation.WeSplitUITests;
				PRODUCT_NAME = "$(TARGET_NAME)";
				SWIFT_EMIT_LOC_STRINGS = NO;
				SWIFT_VERSION = 5.0;
				TARGETED_DEVICE_FAMILY = "1,2";
				TEST_TARGET_NAME = WeSplit;
			};
			name = Release;
		};
		4DA885752CE2659800A44016 /* Debug */ = {
			isa = XCBuildConfiguration;
			buildSettings = {
				ASSETCATALOG_COMPILER_APPICON_NAME = AppIcon;
				ASSETCATALOG_COMPILER_GLOBAL_ACCENT_COLOR_NAME = AccentColor;
				CODE_SIGN_STYLE = Automatic;
				CURRENT_PROJECT_VERSION = 1;
				DEVELOPMENT_ASSET_PATHS = "\"WatchLandmark Watch App/Preview Content\"";
				ENABLE_PREVIEWS = YES;
				GENERATE_INFOPLIST_FILE = YES;
				INFOPLIST_KEY_CFBundleDisplayName = WatchLandmark;
				INFOPLIST_KEY_UISupportedInterfaceOrientations = "UIInterfaceOrientationPortrait UIInterfaceOrientationPortraitUpsideDown";
				INFOPLIST_KEY_WKCompanionAppBundleIdentifier = VirtualLocation.WeSplit;
				INFOPLIST_KEY_WKRunsIndependentlyOfCompanionApp = YES;
				LD_RUNPATH_SEARCH_PATHS = (
					"$(inherited)",
					"@executable_path/Frameworks",
				);
				MARKETING_VERSION = 1.0;
				PRODUCT_BUNDLE_IDENTIFIER = VirtualLocation.WeSplit.watchkitapp;
				PRODUCT_NAME = "$(TARGET_NAME)";
				SDKROOT = watchos;
				SKIP_INSTALL = YES;
				SWIFT_EMIT_LOC_STRINGS = YES;
				SWIFT_VERSION = 5.0;
				TARGETED_DEVICE_FAMILY = 4;
				WATCHOS_DEPLOYMENT_TARGET = 10.0;
			};
			name = Debug;
		};
		4DA885762CE2659800A44016 /* Release */ = {
			isa = XCBuildConfiguration;
			buildSettings = {
				ASSETCATALOG_COMPILER_APPICON_NAME = AppIcon;
				ASSETCATALOG_COMPILER_GLOBAL_ACCENT_COLOR_NAME = AccentColor;
				CODE_SIGN_STYLE = Automatic;
				CURRENT_PROJECT_VERSION = 1;
				DEVELOPMENT_ASSET_PATHS = "\"WatchLandmark Watch App/Preview Content\"";
				ENABLE_PREVIEWS = YES;
				GENERATE_INFOPLIST_FILE = YES;
				INFOPLIST_KEY_CFBundleDisplayName = WatchLandmark;
				INFOPLIST_KEY_UISupportedInterfaceOrientations = "UIInterfaceOrientationPortrait UIInterfaceOrientationPortraitUpsideDown";
				INFOPLIST_KEY_WKCompanionAppBundleIdentifier = VirtualLocation.WeSplit;
				INFOPLIST_KEY_WKRunsIndependentlyOfCompanionApp = YES;
				LD_RUNPATH_SEARCH_PATHS = (
					"$(inherited)",
					"@executable_path/Frameworks",
				);
				MARKETING_VERSION = 1.0;
				PRODUCT_BUNDLE_IDENTIFIER = VirtualLocation.WeSplit.watchkitapp;
				PRODUCT_NAME = "$(TARGET_NAME)";
				SDKROOT = watchos;
				SKIP_INSTALL = YES;
				SWIFT_EMIT_LOC_STRINGS = YES;
				SWIFT_VERSION = 5.0;
				TARGETED_DEVICE_FAMILY = 4;
				WATCHOS_DEPLOYMENT_TARGET = 10.0;
			};
			name = Release;
		};
		4DA885772CE2659800A44016 /* Debug */ = {
			isa = XCBuildConfiguration;
			buildSettings = {
				ALWAYS_EMBED_SWIFT_STANDARD_LIBRARIES = YES;
				BUNDLE_LOADER = "$(TEST_HOST)";
				CODE_SIGN_STYLE = Automatic;
				CURRENT_PROJECT_VERSION = 1;
				GENERATE_INFOPLIST_FILE = YES;
				MARKETING_VERSION = 1.0;
				PRODUCT_BUNDLE_IDENTIFIER = "VirtualLocation.WatchLandmark-Watch-AppTests";
				PRODUCT_NAME = "$(TARGET_NAME)";
				SDKROOT = watchos;
				SWIFT_EMIT_LOC_STRINGS = NO;
				SWIFT_VERSION = 5.0;
				TARGETED_DEVICE_FAMILY = 4;
				TEST_HOST = "$(BUILT_PRODUCTS_DIR)/WatchLandmark Watch App.app/$(BUNDLE_EXECUTABLE_FOLDER_PATH)/WatchLandmark Watch App";
				WATCHOS_DEPLOYMENT_TARGET = 10.0;
			};
			name = Debug;
		};
		4DA885782CE2659800A44016 /* Release */ = {
			isa = XCBuildConfiguration;
			buildSettings = {
				ALWAYS_EMBED_SWIFT_STANDARD_LIBRARIES = YES;
				BUNDLE_LOADER = "$(TEST_HOST)";
				CODE_SIGN_STYLE = Automatic;
				CURRENT_PROJECT_VERSION = 1;
				GENERATE_INFOPLIST_FILE = YES;
				MARKETING_VERSION = 1.0;
				PRODUCT_BUNDLE_IDENTIFIER = "VirtualLocation.WatchLandmark-Watch-AppTests";
				PRODUCT_NAME = "$(TARGET_NAME)";
				SDKROOT = watchos;
				SWIFT_EMIT_LOC_STRINGS = NO;
				SWIFT_VERSION = 5.0;
				TARGETED_DEVICE_FAMILY = 4;
				TEST_HOST = "$(BUILT_PRODUCTS_DIR)/WatchLandmark Watch App.app/$(BUNDLE_EXECUTABLE_FOLDER_PATH)/WatchLandmark Watch App";
				WATCHOS_DEPLOYMENT_TARGET = 10.0;
			};
			name = Release;
		};
		4DA885792CE2659800A44016 /* Debug */ = {
			isa = XCBuildConfiguration;
			buildSettings = {
				ALWAYS_EMBED_SWIFT_STANDARD_LIBRARIES = YES;
				CODE_SIGN_STYLE = Automatic;
				CURRENT_PROJECT_VERSION = 1;
				GENERATE_INFOPLIST_FILE = YES;
				MARKETING_VERSION = 1.0;
				PRODUCT_BUNDLE_IDENTIFIER = "VirtualLocation.WatchLandmark-Watch-AppUITests";
				PRODUCT_NAME = "$(TARGET_NAME)";
				SDKROOT = watchos;
				SWIFT_EMIT_LOC_STRINGS = NO;
				SWIFT_VERSION = 5.0;
				TARGETED_DEVICE_FAMILY = 4;
				TEST_TARGET_NAME = "WatchLandmark Watch App";
				WATCHOS_DEPLOYMENT_TARGET = 10.0;
			};
			name = Debug;
		};
		4DA8857A2CE2659800A44016 /* Release */ = {
			isa = XCBuildConfiguration;
			buildSettings = {
				ALWAYS_EMBED_SWIFT_STANDARD_LIBRARIES = YES;
				CODE_SIGN_STYLE = Automatic;
				CURRENT_PROJECT_VERSION = 1;
				GENERATE_INFOPLIST_FILE = YES;
				MARKETING_VERSION = 1.0;
				PRODUCT_BUNDLE_IDENTIFIER = "VirtualLocation.WatchLandmark-Watch-AppUITests";
				PRODUCT_NAME = "$(TARGET_NAME)";
				SDKROOT = watchos;
				SWIFT_EMIT_LOC_STRINGS = NO;
				SWIFT_VERSION = 5.0;
				TARGETED_DEVICE_FAMILY = 4;
				TEST_TARGET_NAME = "WatchLandmark Watch App";
				WATCHOS_DEPLOYMENT_TARGET = 10.0;
			};
			name = Release;
		};
/* End XCBuildConfiguration section */

/* Begin XCConfigurationList section */
		4D41E18F2CDBD54100A04F1B /* Build configuration list for PBXProject "WeSplit" */ = {
			isa = XCConfigurationList;
			buildConfigurations = (
				4D41E1B62CDBD54200A04F1B /* Debug */,
				4D41E1B72CDBD54200A04F1B /* Release */,
			);
			defaultConfigurationIsVisible = 0;
			defaultConfigurationName = Release;
		};
		4D41E1B82CDBD54200A04F1B /* Build configuration list for PBXNativeTarget "WeSplit" */ = {
			isa = XCConfigurationList;
			buildConfigurations = (
				4D41E1B92CDBD54200A04F1B /* Debug */,
				4D41E1BA2CDBD54200A04F1B /* Release */,
			);
			defaultConfigurationIsVisible = 0;
			defaultConfigurationName = Release;
		};
		4D41E1BB2CDBD54200A04F1B /* Build configuration list for PBXNativeTarget "WeSplitTests" */ = {
			isa = XCConfigurationList;
			buildConfigurations = (
				4D41E1BC2CDBD54200A04F1B /* Debug */,
				4D41E1BD2CDBD54200A04F1B /* Release */,
			);
			defaultConfigurationIsVisible = 0;
			defaultConfigurationName = Release;
		};
		4D41E1BE2CDBD54200A04F1B /* Build configuration list for PBXNativeTarget "WeSplitUITests" */ = {
			isa = XCConfigurationList;
			buildConfigurations = (
				4D41E1BF2CDBD54200A04F1B /* Debug */,
				4D41E1C02CDBD54200A04F1B /* Release */,
			);
			defaultConfigurationIsVisible = 0;
			defaultConfigurationName = Release;
		};
		4DA8857B2CE2659800A44016 /* Build configuration list for PBXNativeTarget "WatchLandmark Watch App" */ = {
			isa = XCConfigurationList;
			buildConfigurations = (
				4DA885752CE2659800A44016 /* Debug */,
				4DA885762CE2659800A44016 /* Release */,
			);
			defaultConfigurationIsVisible = 0;
			defaultConfigurationName = Release;
		};
		4DA8857C2CE2659800A44016 /* Build configuration list for PBXNativeTarget "WatchLandmark Watch AppTests" */ = {
			isa = XCConfigurationList;
			buildConfigurations = (
				4DA885772CE2659800A44016 /* Debug */,
				4DA885782CE2659800A44016 /* Release */,
			);
			defaultConfigurationIsVisible = 0;
			defaultConfigurationName = Release;
		};
		4DA8857D2CE2659800A44016 /* Build configuration list for PBXNativeTarget "WatchLandmark Watch AppUITests" */ = {
			isa = XCConfigurationList;
			buildConfigurations = (
				4DA885792CE2659800A44016 /* Debug */,
				4DA8857A2CE2659800A44016 /* Release */,
			);
			defaultConfigurationIsVisible = 0;
			defaultConfigurationName = Release;
		};
/* End XCConfigurationList section */
	};
	rootObject = 4D41E18C2CDBD54100A04F1B /* Project object */;
}
